
Microsoft Visual Studio Solution File, Format Version 12.00
# Visual Studio Version 17
VisualStudioVersion = 17.14.36915.13 d17.14
MinimumVisualStudioVersion = 10.0.40219.1
Project("{FAE04EC0-301F-11D3-BF4B-00C04F79EFBC}") = "GitLearnDemo", "GitLearnDemo\GitLearnDemo.csproj", "{C95AD8C4-3935-40DB-AF0D-5EE9695D57AD}"
EndProject
Global
	GlobalSection(SolutionConfigurationPlatforms) = preSolution
		Debug|Any CPU = Debug|Any CPU
		Release|Any CPU = Release|Any CPU
	EndGlobalSection
	GlobalSection(ProjectConfigurationPlatforms) = postSolution
		{C95AD8C4-3935-40DB-AF0D-5EE9695D57AD}.Debug|Any CPU.ActiveCfg = Debug|Any CPU
		{C95AD8C4-3935-40DB-AF0D-5EE9695D57AD}.Debug|Any CPU.Build.0 = Debug|Any CPU
		{C95AD8C4-3935-40DB-AF0D-5EE9695D57AD}.Release|Any CPU.ActiveCfg = Release|Any CPU
		{C95AD8C4-3935-40DB-AF0D-5EE9695D57AD}.Release|Any CPU.Build.0 = Release|Any CPU
	EndGlobalSection
	GlobalSection(SolutionProperties) = preSolution
		HideSolutionNode = FALSE
	EndGlobalSection
	GlobalSection(ExtensibilityGlobals) = postSolution
		SolutionGuid = {F1AC317C-86AB-42D6-B096-CF9A661C9E48}
	EndGlobalSection
EndGlobal
